// !$*UTF8*$!
{
	archiveVersion = 1;
	classes = {
	};
	objectVersion = 56;
	objects = {

/* Begin PBXBuildFile section */
		4C22D7722B8EF2E6008C1D7D /* slapjackApp.swift in Sources */ = {isa = PBXBuildFile; fileRef = 4C22D7712B8EF2E6008C1D7D /* slapjackApp.swift */; };
		4C22D7742B8EF2E6008C1D7D /* ContentView.swift in Sources */ = {isa = PBXBuildFile; fileRef = 4C22D7732B8EF2E6008C1D7D /* ContentView.swift */; };
		4C22D7762B8EF2E8008C1D7D /* Assets.xcassets in Resources */ = {isa = PBXBuildFile; fileRef = 4C22D7752B8EF2E8008C1D7D /* Assets.xcassets */; };
		4C22D7792B8EF2E8008C1D7D /* Preview Assets.xcassets in Resources */ = {isa = PBXBuildFile; fileRef = 4C22D7782B8EF2E8008C1D7D /* Preview Assets.xcassets */; };
		4C22D7832B8EF2E8008C1D7D /* slapjackTests.swift in Sources */ = {isa = PBXBuildFile; fileRef = 4C22D7822B8EF2E8008C1D7D /* slapjackTests.swift */; };
		4C22D78D2B8EF2E8008C1D7D /* slapjackUITests.swift in Sources */ = {isa = PBXBuildFile; fileRef = 4C22D78C2B8EF2E8008C1D7D /* slapjackUITests.swift */; };
		4C22D78F2B8EF2E8008C1D7D /* slapjackUITestsLaunchTests.swift in Sources */ = {isa = PBXBuildFile; fileRef = 4C22D78E2B8EF2E8008C1D7D /* slapjackUITestsLaunchTests.swift */; };
		4C22D7A22B9046C0008C1D7D /* SlapjackModel.swift in Sources */ = {isa = PBXBuildFile; fileRef = 4C22D7A12B9046C0008C1D7D /* SlapjackModel.swift */; };
		4C22D7A82B93842F008C1D7D /* Extensions.swift in Sources */ = {isa = PBXBuildFile; fileRef = 4C22D7A72B93842F008C1D7D /* Extensions.swift */; };
		4C22D7AE2B93882B008C1D7D /* back-deck.png in Resources */ = {isa = PBXBuildFile; fileRef = 4C22D7AD2B93882B008C1D7D /* back-deck.png */; };
		4C22D7B02B93AED0008C1D7D /* SlapjackManager.swift in Sources */ = {isa = PBXBuildFile; fileRef = 4C22D7AF2B93AED0008C1D7D /* SlapjackManager.swift */; };
		4C22D7B22B93C50A008C1D7D /* Card.swift in Sources */ = {isa = PBXBuildFile; fileRef = 4C22D7B12B93C50A008C1D7D /* Card.swift */; };
		4C22D7B42B93C537008C1D7D /* Deck.swift in Sources */ = {isa = PBXBuildFile; fileRef = 4C22D7B32B93C537008C1D7D /* Deck.swift */; };
/* End PBXBuildFile section */

/* Begin PBXContainerItemProxy section */
		4C22D77F2B8EF2E8008C1D7D /* PBXContainerItemProxy */ = {
			isa = PBXContainerItemProxy;
			containerPortal = 4C22D7662B8EF2E6008C1D7D /* Project object */;
			proxyType = 1;
			remoteGlobalIDString = 4C22D76D2B8EF2E6008C1D7D;
			remoteInfo = slapjack;
		};
		4C22D7892B8EF2E8008C1D7D /* PBXContainerItemProxy */ = {
			isa = PBXContainerItemProxy;
			containerPortal = 4C22D7662B8EF2E6008C1D7D /* Project object */;
			proxyType = 1;
			remoteGlobalIDString = 4C22D76D2B8EF2E6008C1D7D;
			remoteInfo = slapjack;
		};
/* End PBXContainerItemProxy section */

/* Begin PBXFileReference section */
		428CD1A42B9046C10083BBD9 /* 7_of_diamonds.png */ = {isa = PBXFileReference; lastKnownFileType = image.png; path = 7_of_diamonds.png; sourceTree = "<group>"; };
		428CD1A52B9046C10083BBD9 /* queen_of_spades.png */ = {isa = PBXFileReference; lastKnownFileType = image.png; path = queen_of_spades.png; sourceTree = "<group>"; };
		428CD1A62B9046C10083BBD9 /* jack_of_spades.png */ = {isa = PBXFileReference; lastKnownFileType = image.png; path = jack_of_spades.png; sourceTree = "<group>"; };
		428CD1A72B9046C10083BBD9 /* 8_of_diamonds.png */ = {isa = PBXFileReference; lastKnownFileType = image.png; path = 8_of_diamonds.png; sourceTree = "<group>"; };
		428CD1A82B9046C10083BBD9 /* 6_of_clubs.png */ = {isa = PBXFileReference; lastKnownFileType = image.png; path = 6_of_clubs.png; sourceTree = "<group>"; };
		428CD1A92B9046C10083BBD9 /* 9_of_hearts.png */ = {isa = PBXFileReference; lastKnownFileType = image.png; path = 9_of_hearts.png; sourceTree = "<group>"; };
		428CD1AA2B9046C10083BBD9 /* ace_of_hearts.png */ = {isa = PBXFileReference; lastKnownFileType = image.png; path = ace_of_hearts.png; sourceTree = "<group>"; };
		428CD1AB2B9046C10083BBD9 /* 8_of_spades.png */ = {isa = PBXFileReference; lastKnownFileType = image.png; path = 8_of_spades.png; sourceTree = "<group>"; };
		428CD1AE2B9046C10083BBD9 /* king_of_clubs.png */ = {isa = PBXFileReference; lastKnownFileType = image.png; path = king_of_clubs.png; sourceTree = "<group>"; };
		428CD1AF2B9046C10083BBD9 /* 7_of_clubs.png */ = {isa = PBXFileReference; lastKnownFileType = image.png; path = 7_of_clubs.png; sourceTree = "<group>"; };
		428CD1B32B9046C10083BBD9 /* 10_of_diamonds.png */ = {isa = PBXFileReference; lastKnownFileType = image.png; path = 10_of_diamonds.png; sourceTree = "<group>"; };
		428CD1B42B9046C10083BBD9 /* 10_of_spades.png */ = {isa = PBXFileReference; lastKnownFileType = image.png; path = 10_of_spades.png; sourceTree = "<group>"; };
		428CD1B52B9046C10083BBD9 /* black_joker.png */ = {isa = PBXFileReference; lastKnownFileType = image.png; path = black_joker.png; sourceTree = "<group>"; };
		428CD1B72B9046C10083BBD9 /* ace_of_spades2.png */ = {isa = PBXFileReference; lastKnownFileType = image.png; path = ace_of_spades2.png; sourceTree = "<group>"; };
		428CD1B82B9046C10083BBD9 /* jack_of_clubs.png */ = {isa = PBXFileReference; lastKnownFileType = image.png; path = jack_of_clubs.png; sourceTree = "<group>"; };
		428CD1B92B9046C10083BBD9 /* 6_of_spades.png */ = {isa = PBXFileReference; lastKnownFileType = image.png; path = 6_of_spades.png; sourceTree = "<group>"; };
		428CD1BB2B9046C10083BBD9 /* 4_of_hearts.png */ = {isa = PBXFileReference; lastKnownFileType = image.png; path = 4_of_hearts.png; sourceTree = "<group>"; };
		428CD1BC2B9046C10083BBD9 /* 2_of_spades.png */ = {isa = PBXFileReference; lastKnownFileType = image.png; path = 2_of_spades.png; sourceTree = "<group>"; };
		428CD1BD2B9046C10083BBD9 /* queen_of_clubs.png */ = {isa = PBXFileReference; lastKnownFileType = image.png; path = queen_of_clubs.png; sourceTree = "<group>"; };
		428CD1BE2B9046C10083BBD9 /* 3_of_hearts.png */ = {isa = PBXFileReference; lastKnownFileType = image.png; path = 3_of_hearts.png; sourceTree = "<group>"; };
		428CD1BF2B9046C10083BBD9 /* 5_of_spades.png */ = {isa = PBXFileReference; lastKnownFileType = image.png; path = 5_of_spades.png; sourceTree = "<group>"; };
		428CD1C02B9046C10083BBD9 /* 6_of_diamonds.png */ = {isa = PBXFileReference; lastKnownFileType = image.png; path = 6_of_diamonds.png; sourceTree = "<group>"; };
		428CD1C12B9046C10083BBD9 /* queen_of_diamonds.png */ = {isa = PBXFileReference; lastKnownFileType = image.png; path = queen_of_diamonds.png; sourceTree = "<group>"; };
		428CD1C22B9046C10083BBD9 /* 7_of_hearts.png */ = {isa = PBXFileReference; lastKnownFileType = image.png; path = 7_of_hearts.png; sourceTree = "<group>"; };
		428CD1C32B9046C10083BBD9 /* king_of_hearts.png */ = {isa = PBXFileReference; lastKnownFileType = image.png; path = king_of_hearts.png; sourceTree = "<group>"; };
		428CD1C42B9046C10083BBD9 /* ace_of_clubs.png */ = {isa = PBXFileReference; lastKnownFileType = image.png; path = ace_of_clubs.png; sourceTree = "<group>"; };
		428CD1C52B9046C10083BBD9 /* 9_of_diamonds.png */ = {isa = PBXFileReference; lastKnownFileType = image.png; path = 9_of_diamonds.png; sourceTree = "<group>"; };
		428CD1C62B9046C10083BBD9 /* 6_of_hearts.png */ = {isa = PBXFileReference; lastKnownFileType = image.png; path = 6_of_hearts.png; sourceTree = "<group>"; };
		428CD1C72B9046C10083BBD9 /* 9_of_clubs.png */ = {isa = PBXFileReference; lastKnownFileType = image.png; path = 9_of_clubs.png; sourceTree = "<group>"; };
		428CD1C82B9046C10083BBD9 /* king_of_diamonds.png */ = {isa = PBXFileReference; lastKnownFileType = image.png; path = king_of_diamonds.png; sourceTree = "<group>"; };
		428CD1C92B9046C10083BBD9 /* 4_of_spades.png */ = {isa = PBXFileReference; lastKnownFileType = image.png; path = 4_of_spades.png; sourceTree = "<group>"; };
		428CD1CA2B9046C10083BBD9 /* 2_of_hearts.png */ = {isa = PBXFileReference; lastKnownFileType = image.png; path = 2_of_hearts.png; sourceTree = "<group>"; };
		428CD1CB2B9046C10083BBD9 /* 3_of_diamonds.png */ = {isa = PBXFileReference; lastKnownFileType = image.png; path = 3_of_diamonds.png; sourceTree = "<group>"; };
		428CD1CC2B9046C10083BBD9 /* 10_of_hearts.png */ = {isa = PBXFileReference; lastKnownFileType = image.png; path = 10_of_hearts.png; sourceTree = "<group>"; };
		428CD1CE2B9046C10083BBD9 /* king_of_spades.png */ = {isa = PBXFileReference; lastKnownFileType = image.png; path = king_of_spades.png; sourceTree = "<group>"; };
		428CD1D02B9046C10083BBD9 /* 8_of_clubs.png */ = {isa = PBXFileReference; lastKnownFileType = image.png; path = 8_of_clubs.png; sourceTree = "<group>"; };
		428CD1D12B9046C10083BBD9 /* 4_of_diamonds.png */ = {isa = PBXFileReference; lastKnownFileType = image.png; path = 4_of_diamonds.png; sourceTree = "<group>"; };
		428CD1D22B9046C10083BBD9 /* jack_of_diamonds.png */ = {isa = PBXFileReference; lastKnownFileType = image.png; path = jack_of_diamonds.png; sourceTree = "<group>"; };
		428CD1D32B9046C10083BBD9 /* 3_of_spades.png */ = {isa = PBXFileReference; lastKnownFileType = image.png; path = 3_of_spades.png; sourceTree = "<group>"; };
		428CD1D42B9046C10083BBD9 /* 5_of_hearts.png */ = {isa = PBXFileReference; lastKnownFileType = image.png; path = 5_of_hearts.png; sourceTree = "<group>"; };
		428CD1D52B9046C10083BBD9 /* 7_of_spades.png */ = {isa = PBXFileReference; lastKnownFileType = image.png; path = 7_of_spades.png; sourceTree = "<group>"; };
		428CD1D62B9046C10083BBD9 /* ace_of_spades.png */ = {isa = PBXFileReference; lastKnownFileType = image.png; path = ace_of_spades.png; sourceTree = "<group>"; };
		428CD1D72B9046C10083BBD9 /* 5_of_diamonds.png */ = {isa = PBXFileReference; lastKnownFileType = image.png; path = 5_of_diamonds.png; sourceTree = "<group>"; };
		428CD1D82B9046C10083BBD9 /* 9_of_spades.png */ = {isa = PBXFileReference; lastKnownFileType = image.png; path = 9_of_spades.png; sourceTree = "<group>"; };
		428CD1D92B9046C10083BBD9 /* queen_of_hearts.png */ = {isa = PBXFileReference; lastKnownFileType = image.png; path = queen_of_hearts.png; sourceTree = "<group>"; };
		428CD1DA2B9046C10083BBD9 /* ace_of_diamonds.png */ = {isa = PBXFileReference; lastKnownFileType = image.png; path = ace_of_diamonds.png; sourceTree = "<group>"; };
		428CD1DC2B9046C10083BBD9 /* 5_of_clubs.png */ = {isa = PBXFileReference; lastKnownFileType = image.png; path = 5_of_clubs.png; sourceTree = "<group>"; };
		428CD1DD2B9046C10083BBD9 /* 2_of_clubs.png */ = {isa = PBXFileReference; lastKnownFileType = image.png; path = 2_of_clubs.png; sourceTree = "<group>"; };
		428CD1DE2B9046C10083BBD9 /* jack_of_hearts.png */ = {isa = PBXFileReference; lastKnownFileType = image.png; path = jack_of_hearts.png; sourceTree = "<group>"; };
		428CD1DF2B9046C10083BBD9 /* 10_of_clubs.png */ = {isa = PBXFileReference; lastKnownFileType = image.png; path = 10_of_clubs.png; sourceTree = "<group>"; };
		428CD1E22B9046C10083BBD9 /* 2_of_diamonds.png */ = {isa = PBXFileReference; lastKnownFileType = image.png; path = 2_of_diamonds.png; sourceTree = "<group>"; };
		428CD1E32B9046C10083BBD9 /* 8_of_hearts.png */ = {isa = PBXFileReference; lastKnownFileType = image.png; path = 8_of_hearts.png; sourceTree = "<group>"; };
		428CD1E42B9046C10083BBD9 /* red_joker.png */ = {isa = PBXFileReference; lastKnownFileType = image.png; path = red_joker.png; sourceTree = "<group>"; };
		428CD1E52B9046C10083BBD9 /* 3_of_clubs.png */ = {isa = PBXFileReference; lastKnownFileType = image.png; path = 3_of_clubs.png; sourceTree = "<group>"; };
		428CD1E62B9046C10083BBD9 /* 4_of_clubs.png */ = {isa = PBXFileReference; lastKnownFileType = image.png; path = 4_of_clubs.png; sourceTree = "<group>"; };
		4C22D76E2B8EF2E6008C1D7D /* slapjack.app */ = {isa = PBXFileReference; explicitFileType = wrapper.application; includeInIndex = 0; path = slapjack.app; sourceTree = BUILT_PRODUCTS_DIR; };
		4C22D7712B8EF2E6008C1D7D /* slapjackApp.swift */ = {isa = PBXFileReference; lastKnownFileType = sourcecode.swift; path = slapjackApp.swift; sourceTree = "<group>"; };
		4C22D7732B8EF2E6008C1D7D /* ContentView.swift */ = {isa = PBXFileReference; lastKnownFileType = sourcecode.swift; path = ContentView.swift; sourceTree = "<group>"; };
		4C22D7752B8EF2E8008C1D7D /* Assets.xcassets */ = {isa = PBXFileReference; lastKnownFileType = folder.assetcatalog; path = Assets.xcassets; sourceTree = "<group>"; };
		4C22D7782B8EF2E8008C1D7D /* Preview Assets.xcassets */ = {isa = PBXFileReference; lastKnownFileType = folder.assetcatalog; path = "Preview Assets.xcassets"; sourceTree = "<group>"; };
		4C22D77E2B8EF2E8008C1D7D /* slapjackTests.xctest */ = {isa = PBXFileReference; explicitFileType = wrapper.cfbundle; includeInIndex = 0; path = slapjackTests.xctest; sourceTree = BUILT_PRODUCTS_DIR; };
		4C22D7822B8EF2E8008C1D7D /* slapjackTests.swift */ = {isa = PBXFileReference; lastKnownFileType = sourcecode.swift; path = slapjackTests.swift; sourceTree = "<group>"; };
		4C22D7882B8EF2E8008C1D7D /* slapjackUITests.xctest */ = {isa = PBXFileReference; explicitFileType = wrapper.cfbundle; includeInIndex = 0; path = slapjackUITests.xctest; sourceTree = BUILT_PRODUCTS_DIR; };
		4C22D78C2B8EF2E8008C1D7D /* slapjackUITests.swift */ = {isa = PBXFileReference; lastKnownFileType = sourcecode.swift; path = slapjackUITests.swift; sourceTree = "<group>"; };
		4C22D78E2B8EF2E8008C1D7D /* slapjackUITestsLaunchTests.swift */ = {isa = PBXFileReference; lastKnownFileType = sourcecode.swift; path = slapjackUITestsLaunchTests.swift; sourceTree = "<group>"; };
		4C22D7A12B9046C0008C1D7D /* SlapjackModel.swift */ = {isa = PBXFileReference; lastKnownFileType = sourcecode.swift; path = SlapjackModel.swift; sourceTree = "<group>"; };
		4C22D7A72B93842F008C1D7D /* Extensions.swift */ = {isa = PBXFileReference; lastKnownFileType = sourcecode.swift; path = Extensions.swift; sourceTree = "<group>"; };
		4C22D7AD2B93882B008C1D7D /* back-deck.png */ = {isa = PBXFileReference; lastKnownFileType = image.png; name = "back-deck.png"; path = "../../../../../../Downloads/back-deck.png"; sourceTree = "<group>"; };
		4C22D7AF2B93AED0008C1D7D /* SlapjackManager.swift */ = {isa = PBXFileReference; lastKnownFileType = sourcecode.swift; path = SlapjackManager.swift; sourceTree = "<group>"; };
		4C22D7B12B93C50A008C1D7D /* Card.swift */ = {isa = PBXFileReference; lastKnownFileType = sourcecode.swift; path = Card.swift; sourceTree = "<group>"; };
		4C22D7B32B93C537008C1D7D /* Deck.swift */ = {isa = PBXFileReference; lastKnownFileType = sourcecode.swift; path = Deck.swift; sourceTree = "<group>"; };
/* End PBXFileReference section */

/* Begin PBXFrameworksBuildPhase section */
		4C22D76B2B8EF2E6008C1D7D /* Frameworks */ = {
			isa = PBXFrameworksBuildPhase;
			buildActionMask = 2147483647;
			files = (
			);
			runOnlyForDeploymentPostprocessing = 0;
		};
		4C22D77B2B8EF2E8008C1D7D /* Frameworks */ = {
			isa = PBXFrameworksBuildPhase;
			buildActionMask = 2147483647;
			files = (
			);
			runOnlyForDeploymentPostprocessing = 0;
		};
		4C22D7852B8EF2E8008C1D7D /* Frameworks */ = {
			isa = PBXFrameworksBuildPhase;
			buildActionMask = 2147483647;
			files = (
			);
			runOnlyForDeploymentPostprocessing = 0;
		};
/* End PBXFrameworksBuildPhase section */

/* Begin PBXGroup section */
		428CD1A32B9046C10083BBD9 /* PNG-cards-1.3 */ = {
			isa = PBXGroup;
			children = (
				4C22D7AD2B93882B008C1D7D /* back-deck.png */,
				428CD1A42B9046C10083BBD9 /* 7_of_diamonds.png */,
				428CD1A52B9046C10083BBD9 /* queen_of_spades.png */,
				428CD1A62B9046C10083BBD9 /* jack_of_spades.png */,
				428CD1A72B9046C10083BBD9 /* 8_of_diamonds.png */,
				428CD1A82B9046C10083BBD9 /* 6_of_clubs.png */,
				428CD1A92B9046C10083BBD9 /* 9_of_hearts.png */,
				428CD1AA2B9046C10083BBD9 /* ace_of_hearts.png */,
				428CD1AB2B9046C10083BBD9 /* 8_of_spades.png */,
				428CD1AE2B9046C10083BBD9 /* king_of_clubs.png */,
				428CD1AF2B9046C10083BBD9 /* 7_of_clubs.png */,
				428CD1B32B9046C10083BBD9 /* 10_of_diamonds.png */,
				428CD1B42B9046C10083BBD9 /* 10_of_spades.png */,
				428CD1B52B9046C10083BBD9 /* black_joker.png */,
				428CD1B72B9046C10083BBD9 /* ace_of_spades2.png */,
				428CD1B82B9046C10083BBD9 /* jack_of_clubs.png */,
				428CD1B92B9046C10083BBD9 /* 6_of_spades.png */,
				428CD1BB2B9046C10083BBD9 /* 4_of_hearts.png */,
				428CD1BC2B9046C10083BBD9 /* 2_of_spades.png */,
				428CD1BD2B9046C10083BBD9 /* queen_of_clubs.png */,
				428CD1BE2B9046C10083BBD9 /* 3_of_hearts.png */,
				428CD1BF2B9046C10083BBD9 /* 5_of_spades.png */,
				428CD1C02B9046C10083BBD9 /* 6_of_diamonds.png */,
				428CD1C12B9046C10083BBD9 /* queen_of_diamonds.png */,
				428CD1C22B9046C10083BBD9 /* 7_of_hearts.png */,
				428CD1C32B9046C10083BBD9 /* king_of_hearts.png */,
				428CD1C42B9046C10083BBD9 /* ace_of_clubs.png */,
				428CD1C52B9046C10083BBD9 /* 9_of_diamonds.png */,
				428CD1C62B9046C10083BBD9 /* 6_of_hearts.png */,
				428CD1C72B9046C10083BBD9 /* 9_of_clubs.png */,
				428CD1C82B9046C10083BBD9 /* king_of_diamonds.png */,
				428CD1C92B9046C10083BBD9 /* 4_of_spades.png */,
				428CD1CA2B9046C10083BBD9 /* 2_of_hearts.png */,
				428CD1CB2B9046C10083BBD9 /* 3_of_diamonds.png */,
				428CD1CC2B9046C10083BBD9 /* 10_of_hearts.png */,
				428CD1CE2B9046C10083BBD9 /* king_of_spades.png */,
				428CD1D02B9046C10083BBD9 /* 8_of_clubs.png */,
				428CD1D12B9046C10083BBD9 /* 4_of_diamonds.png */,
				428CD1D22B9046C10083BBD9 /* jack_of_diamonds.png */,
				428CD1D32B9046C10083BBD9 /* 3_of_spades.png */,
				428CD1D42B9046C10083BBD9 /* 5_of_hearts.png */,
				428CD1D52B9046C10083BBD9 /* 7_of_spades.png */,
				428CD1D62B9046C10083BBD9 /* ace_of_spades.png */,
				428CD1D72B9046C10083BBD9 /* 5_of_diamonds.png */,
				428CD1D82B9046C10083BBD9 /* 9_of_spades.png */,
				428CD1D92B9046C10083BBD9 /* queen_of_hearts.png */,
				428CD1DA2B9046C10083BBD9 /* ace_of_diamonds.png */,
				428CD1DC2B9046C10083BBD9 /* 5_of_clubs.png */,
				428CD1DD2B9046C10083BBD9 /* 2_of_clubs.png */,
				428CD1DE2B9046C10083BBD9 /* jack_of_hearts.png */,
				428CD1DF2B9046C10083BBD9 /* 10_of_clubs.png */,
				428CD1E22B9046C10083BBD9 /* 2_of_diamonds.png */,
				428CD1E32B9046C10083BBD9 /* 8_of_hearts.png */,
				428CD1E42B9046C10083BBD9 /* red_joker.png */,
				428CD1E52B9046C10083BBD9 /* 3_of_clubs.png */,
				428CD1E62B9046C10083BBD9 /* 4_of_clubs.png */,
			);
			path = "PNG-cards-1.3";
			sourceTree = "<group>";
		};
		4C22D7652B8EF2E6008C1D7D = {
			isa = PBXGroup;
			children = (
				4C22D7702B8EF2E6008C1D7D /* slapjack */,
				4C22D7812B8EF2E8008C1D7D /* slapjackTests */,
				4C22D78B2B8EF2E8008C1D7D /* slapjackUITests */,
				4C22D76F2B8EF2E6008C1D7D /* Products */,
			);
			sourceTree = "<group>";
		};
		4C22D76F2B8EF2E6008C1D7D /* Products */ = {
			isa = PBXGroup;
			children = (
				4C22D76E2B8EF2E6008C1D7D /* slapjack.app */,
				4C22D77E2B8EF2E8008C1D7D /* slapjackTests.xctest */,
				4C22D7882B8EF2E8008C1D7D /* slapjackUITests.xctest */,
			);
			name = Products;
			sourceTree = "<group>";
		};
		4C22D7702B8EF2E6008C1D7D /* slapjack */ = {
			isa = PBXGroup;
			children = (
				4C22D7712B8EF2E6008C1D7D /* slapjackApp.swift */,
				4C22D7A12B9046C0008C1D7D /* SlapjackModel.swift */,
				4C22D7AF2B93AED0008C1D7D /* SlapjackManager.swift */,
				4C22D7A72B93842F008C1D7D /* Extensions.swift */,
				4C22D7752B8EF2E8008C1D7D /* Assets.xcassets */,
				4C22D7A42B937EDA008C1D7D /* Views */,
				4C22D7A32B92818A008C1D7D /* Components */,
				4C22D7772B8EF2E8008C1D7D /* Preview Content */,
			);
			path = slapjack;
			sourceTree = "<group>";
		};
		4C22D7772B8EF2E8008C1D7D /* Preview Content */ = {
			isa = PBXGroup;
			children = (
				4C22D7782B8EF2E8008C1D7D /* Preview Assets.xcassets */,
			);
			path = "Preview Content";
			sourceTree = "<group>";
		};
		4C22D7812B8EF2E8008C1D7D /* slapjackTests */ = {
			isa = PBXGroup;
			children = (
				4C22D7822B8EF2E8008C1D7D /* slapjackTests.swift */,
			);
			path = slapjackTests;
			sourceTree = "<group>";
		};
		4C22D78B2B8EF2E8008C1D7D /* slapjackUITests */ = {
			isa = PBXGroup;
			children = (
				4C22D78C2B8EF2E8008C1D7D /* slapjackUITests.swift */,
				4C22D78E2B8EF2E8008C1D7D /* slapjackUITestsLaunchTests.swift */,
			);
			path = slapjackUITests;
			sourceTree = "<group>";
		};
		4C22D7A32B92818A008C1D7D /* Components */ = {
			isa = PBXGroup;
			children = (
				428CD1A32B9046C10083BBD9 /* PNG-cards-1.3 */,
				4C22D7B12B93C50A008C1D7D /* Card.swift */,
				4C22D7B32B93C537008C1D7D /* Deck.swift */,
			);
			path = Components;
			sourceTree = "<group>";
		};
		4C22D7A42B937EDA008C1D7D /* Views */ = {
			isa = PBXGroup;
			children = (
				4C22D7732B8EF2E6008C1D7D /* ContentView.swift */,
			);
			path = Views;
			sourceTree = "<group>";
		};
/* End PBXGroup section */

/* Begin PBXNativeTarget section */
		4C22D76D2B8EF2E6008C1D7D /* slapjack */ = {
			isa = PBXNativeTarget;
			buildConfigurationList = 4C22D7922B8EF2E8008C1D7D /* Build configuration list for PBXNativeTarget "slapjack" */;
			buildPhases = (
				4C22D76A2B8EF2E6008C1D7D /* Sources */,
				4C22D76B2B8EF2E6008C1D7D /* Frameworks */,
				4C22D76C2B8EF2E6008C1D7D /* Resources */,
			);
			buildRules = (
			);
			dependencies = (
			);
			name = slapjack;
			productName = slapjack;
			productReference = 4C22D76E2B8EF2E6008C1D7D /* slapjack.app */;
			productType = "com.apple.product-type.application";
		};
		4C22D77D2B8EF2E8008C1D7D /* slapjackTests */ = {
			isa = PBXNativeTarget;
			buildConfigurationList = 4C22D7952B8EF2E8008C1D7D /* Build configuration list for PBXNativeTarget "slapjackTests" */;
			buildPhases = (
				4C22D77A2B8EF2E8008C1D7D /* Sources */,
				4C22D77B2B8EF2E8008C1D7D /* Frameworks */,
				4C22D77C2B8EF2E8008C1D7D /* Resources */,
			);
			buildRules = (
			);
			dependencies = (
				4C22D7802B8EF2E8008C1D7D /* PBXTargetDependency */,
			);
			name = slapjackTests;
			productName = slapjackTests;
			productReference = 4C22D77E2B8EF2E8008C1D7D /* slapjackTests.xctest */;
			productType = "com.apple.product-type.bundle.unit-test";
		};
		4C22D7872B8EF2E8008C1D7D /* slapjackUITests */ = {
			isa = PBXNativeTarget;
			buildConfigurationList = 4C22D7982B8EF2E8008C1D7D /* Build configuration list for PBXNativeTarget "slapjackUITests" */;
			buildPhases = (
				4C22D7842B8EF2E8008C1D7D /* Sources */,
				4C22D7852B8EF2E8008C1D7D /* Frameworks */,
				4C22D7862B8EF2E8008C1D7D /* Resources */,
			);
			buildRules = (
			);
			dependencies = (
				4C22D78A2B8EF2E8008C1D7D /* PBXTargetDependency */,
			);
			name = slapjackUITests;
			productName = slapjackUITests;
			productReference = 4C22D7882B8EF2E8008C1D7D /* slapjackUITests.xctest */;
			productType = "com.apple.product-type.bundle.ui-testing";
		};
/* End PBXNativeTarget section */

/* Begin PBXProject section */
		4C22D7662B8EF2E6008C1D7D /* Project object */ = {
			isa = PBXProject;
			attributes = {
				BuildIndependentTargetsInParallel = 1;
				LastSwiftUpdateCheck = 1520;
				LastUpgradeCheck = 1520;
				TargetAttributes = {
					4C22D76D2B8EF2E6008C1D7D = {
						CreatedOnToolsVersion = 15.2;
					};
					4C22D77D2B8EF2E8008C1D7D = {
						CreatedOnToolsVersion = 15.2;
						TestTargetID = 4C22D76D2B8EF2E6008C1D7D;
					};
					4C22D7872B8EF2E8008C1D7D = {
						CreatedOnToolsVersion = 15.2;
						TestTargetID = 4C22D76D2B8EF2E6008C1D7D;
					};
				};
			};
			buildConfigurationList = 4C22D7692B8EF2E6008C1D7D /* Build configuration list for PBXProject "slapjack" */;
			compatibilityVersion = "Xcode 14.0";
			developmentRegion = en;
			hasScannedForEncodings = 0;
			knownRegions = (
				en,
				Base,
			);
			mainGroup = 4C22D7652B8EF2E6008C1D7D;
			productRefGroup = 4C22D76F2B8EF2E6008C1D7D /* Products */;
			projectDirPath = "";
			projectRoot = "";
			targets = (
				4C22D76D2B8EF2E6008C1D7D /* slapjack */,
				4C22D77D2B8EF2E8008C1D7D /* slapjackTests */,
				4C22D7872B8EF2E8008C1D7D /* slapjackUITests */,
			);
		};
/* End PBXProject section */

/* Begin PBXResourcesBuildPhase section */
		4C22D76C2B8EF2E6008C1D7D /* Resources */ = {
			isa = PBXResourcesBuildPhase;
			buildActionMask = 2147483647;
			files = (
				4C22D7792B8EF2E8008C1D7D /* Preview Assets.xcassets in Resources */,
				4C22D7AE2B93882B008C1D7D /* back-deck.png in Resources */,
				4C22D7762B8EF2E8008C1D7D /* Assets.xcassets in Resources */,
			);
			runOnlyForDeploymentPostprocessing = 0;
		};
		4C22D77C2B8EF2E8008C1D7D /* Resources */ = {
			isa = PBXResourcesBuildPhase;
			buildActionMask = 2147483647;
			files = (
			);
			runOnlyForDeploymentPostprocessing = 0;
		};
		4C22D7862B8EF2E8008C1D7D /* Resources */ = {
			isa = PBXResourcesBuildPhase;
			buildActionMask = 2147483647;
			files = (
			);
			runOnlyForDeploymentPostprocessing = 0;
		};
/* End PBXResourcesBuildPhase section */

/* Begin PBXSourcesBuildPhase section */
		4C22D76A2B8EF2E6008C1D7D /* Sources */ = {
			isa = PBXSourcesBuildPhase;
			buildActionMask = 2147483647;
			files = (
				4C22D7A22B9046C0008C1D7D /* SlapjackModel.swift in Sources */,
				4C22D7742B8EF2E6008C1D7D /* ContentView.swift in Sources */,
				4C22D7B22B93C50A008C1D7D /* Card.swift in Sources */,
				4C22D7B02B93AED0008C1D7D /* SlapjackManager.swift in Sources */,
				4C22D7B42B93C537008C1D7D /* Deck.swift in Sources */,
				4C22D7722B8EF2E6008C1D7D /* slapjackApp.swift in Sources */,
				4C22D7A82B93842F008C1D7D /* Extensions.swift in Sources */,
			);
			runOnlyForDeploymentPostprocessing = 0;
		};
		4C22D77A2B8EF2E8008C1D7D /* Sources */ = {
			isa = PBXSourcesBuildPhase;
			buildActionMask = 2147483647;
			files = (
				4C22D7832B8EF2E8008C1D7D /* slapjackTests.swift in Sources */,
			);
			runOnlyForDeploymentPostprocessing = 0;
		};
		4C22D7842B8EF2E8008C1D7D /* Sources */ = {
			isa = PBXSourcesBuildPhase;
			buildActionMask = 2147483647;
			files = (
				4C22D78F2B8EF2E8008C1D7D /* slapjackUITestsLaunchTests.swift in Sources */,
				4C22D78D2B8EF2E8008C1D7D /* slapjackUITests.swift in Sources */,
			);
			runOnlyForDeploymentPostprocessing = 0;
		};
/* End PBXSourcesBuildPhase section */

/* Begin PBXTargetDependency section */
		4C22D7802B8EF2E8008C1D7D /* PBXTargetDependency */ = {
			isa = PBXTargetDependency;
			target = 4C22D76D2B8EF2E6008C1D7D /* slapjack */;
			targetProxy = 4C22D77F2B8EF2E8008C1D7D /* PBXContainerItemProxy */;
		};
		4C22D78A2B8EF2E8008C1D7D /* PBXTargetDependency */ = {
			isa = PBXTargetDependency;
			target = 4C22D76D2B8EF2E6008C1D7D /* slapjack */;
			targetProxy = 4C22D7892B8EF2E8008C1D7D /* PBXContainerItemProxy */;
		};
/* End PBXTargetDependency section */

/* Begin XCBuildConfiguration section */
		4C22D7902B8EF2E8008C1D7D /* Debug */ = {
			isa = XCBuildConfiguration;
			buildSettings = {
				ALWAYS_SEARCH_USER_PATHS = NO;
				ASSETCATALOG_COMPILER_GENERATE_SWIFT_ASSET_SYMBOL_EXTENSIONS = YES;
				CLANG_ANALYZER_NONNULL = YES;
				CLANG_ANALYZER_NUMBER_OBJECT_CONVERSION = YES_AGGRESSIVE;
				CLANG_CXX_LANGUAGE_STANDARD = "gnu++20";
				CLANG_ENABLE_MODULES = YES;
				CLANG_ENABLE_OBJC_ARC = YES;
				CLANG_ENABLE_OBJC_WEAK = YES;
				CLANG_WARN_BLOCK_CAPTURE_AUTORELEASING = YES;
				CLANG_WARN_BOOL_CONVERSION = YES;
				CLANG_WARN_COMMA = YES;
				CLANG_WARN_CONSTANT_CONVERSION = YES;
				CLANG_WARN_DEPRECATED_OBJC_IMPLEMENTATIONS = YES;
				CLANG_WARN_DIRECT_OBJC_ISA_USAGE = YES_ERROR;
				CLANG_WARN_DOCUMENTATION_COMMENTS = YES;
				CLANG_WARN_EMPTY_BODY = YES;
				CLANG_WARN_ENUM_CONVERSION = YES;
				CLANG_WARN_INFINITE_RECURSION = YES;
				CLANG_WARN_INT_CONVERSION = YES;
				CLANG_WARN_NON_LITERAL_NULL_CONVERSION = YES;
				CLANG_WARN_OBJC_IMPLICIT_RETAIN_SELF = YES;
				CLANG_WARN_OBJC_LITERAL_CONVERSION = YES;
				CLANG_WARN_OBJC_ROOT_CLASS = YES_ERROR;
				CLANG_WARN_QUOTED_INCLUDE_IN_FRAMEWORK_HEADER = YES;
				CLANG_WARN_RANGE_LOOP_ANALYSIS = YES;
				CLANG_WARN_STRICT_PROTOTYPES = YES;
				CLANG_WARN_SUSPICIOUS_MOVE = YES;
				CLANG_WARN_UNGUARDED_AVAILABILITY = YES_AGGRESSIVE;
				CLANG_WARN_UNREACHABLE_CODE = YES;
				CLANG_WARN__DUPLICATE_METHOD_MATCH = YES;
				COPY_PHASE_STRIP = NO;
				DEBUG_INFORMATION_FORMAT = dwarf;
				ENABLE_STRICT_OBJC_MSGSEND = YES;
				ENABLE_TESTABILITY = YES;
				ENABLE_USER_SCRIPT_SANDBOXING = YES;
				GCC_C_LANGUAGE_STANDARD = gnu17;
				GCC_DYNAMIC_NO_PIC = NO;
				GCC_NO_COMMON_BLOCKS = YES;
				GCC_OPTIMIZATION_LEVEL = 0;
				GCC_PREPROCESSOR_DEFINITIONS = (
					"DEBUG=1",
					"$(inherited)",
				);
				GCC_WARN_64_TO_32_BIT_CONVERSION = YES;
				GCC_WARN_ABOUT_RETURN_TYPE = YES_ERROR;
				GCC_WARN_UNDECLARED_SELECTOR = YES;
				GCC_WARN_UNINITIALIZED_AUTOS = YES_AGGRESSIVE;
				GCC_WARN_UNUSED_FUNCTION = YES;
				GCC_WARN_UNUSED_VARIABLE = YES;
				IPHONEOS_DEPLOYMENT_TARGET = 17.2;
				LOCALIZATION_PREFERS_STRING_CATALOGS = YES;
				MTL_ENABLE_DEBUG_INFO = INCLUDE_SOURCE;
				MTL_FAST_MATH = YES;
				ONLY_ACTIVE_ARCH = YES;
				SDKROOT = iphoneos;
				SWIFT_ACTIVE_COMPILATION_CONDITIONS = "DEBUG $(inherited)";
				SWIFT_OPTIMIZATION_LEVEL = "-Onone";
			};
			name = Debug;
		};
		4C22D7912B8EF2E8008C1D7D /* Release */ = {
			isa = XCBuildConfiguration;
			buildSettings = {
				ALWAYS_SEARCH_USER_PATHS = NO;
				ASSETCATALOG_COMPILER_GENERATE_SWIFT_ASSET_SYMBOL_EXTENSIONS = YES;
				CLANG_ANALYZER_NONNULL = YES;
				CLANG_ANALYZER_NUMBER_OBJECT_CONVERSION = YES_AGGRESSIVE;
				CLANG_CXX_LANGUAGE_STANDARD = "gnu++20";
				CLANG_ENABLE_MODULES = YES;
				CLANG_ENABLE_OBJC_ARC = YES;
				CLANG_ENABLE_OBJC_WEAK = YES;
				CLANG_WARN_BLOCK_CAPTURE_AUTORELEASING = YES;
				CLANG_WARN_BOOL_CONVERSION = YES;
				CLANG_WARN_COMMA = YES;
				CLANG_WARN_CONSTANT_CONVERSION = YES;
				CLANG_WARN_DEPRECATED_OBJC_IMPLEMENTATIONS = YES;
				CLANG_WARN_DIRECT_OBJC_ISA_USAGE = YES_ERROR;
				CLANG_WARN_DOCUMENTATION_COMMENTS = YES;
				CLANG_WARN_EMPTY_BODY = YES;
				CLANG_WARN_ENUM_CONVERSION = YES;
				CLANG_WARN_INFINITE_RECURSION = YES;
				CLANG_WARN_INT_CONVERSION = YES;
				CLANG_WARN_NON_LITERAL_NULL_CONVERSION = YES;
				CLANG_WARN_OBJC_IMPLICIT_RETAIN_SELF = YES;
				CLANG_WARN_OBJC_LITERAL_CONVERSION = YES;
				CLANG_WARN_OBJC_ROOT_CLASS = YES_ERROR;
				CLANG_WARN_QUOTED_INCLUDE_IN_FRAMEWORK_HEADER = YES;
				CLANG_WARN_RANGE_LOOP_ANALYSIS = YES;
				CLANG_WARN_STRICT_PROTOTYPES = YES;
				CLANG_WARN_SUSPICIOUS_MOVE = YES;
				CLANG_WARN_UNGUARDED_AVAILABILITY = YES_AGGRESSIVE;
				CLANG_WARN_UNREACHABLE_CODE = YES;
				CLANG_WARN__DUPLICATE_METHOD_MATCH = YES;
				COPY_PHASE_STRIP = NO;
				DEBUG_INFORMATION_FORMAT = "dwarf-with-dsym";
				ENABLE_NS_ASSERTIONS = NO;
				ENABLE_STRICT_OBJC_MSGSEND = YES;
				ENABLE_USER_SCRIPT_SANDBOXING = YES;
				GCC_C_LANGUAGE_STANDARD = gnu17;
				GCC_NO_COMMON_BLOCKS = YES;
				GCC_WARN_64_TO_32_BIT_CONVERSION = YES;
				GCC_WARN_ABOUT_RETURN_TYPE = YES_ERROR;
				GCC_WARN_UNDECLARED_SELECTOR = YES;
				GCC_WARN_UNINITIALIZED_AUTOS = YES_AGGRESSIVE;
				GCC_WARN_UNUSED_FUNCTION = YES;
				GCC_WARN_UNUSED_VARIABLE = YES;
				IPHONEOS_DEPLOYMENT_TARGET = 17.2;
				LOCALIZATION_PREFERS_STRING_CATALOGS = YES;
				MTL_ENABLE_DEBUG_INFO = NO;
				MTL_FAST_MATH = YES;
				SDKROOT = iphoneos;
				SWIFT_COMPILATION_MODE = wholemodule;
				VALIDATE_PRODUCT = YES;
			};
			name = Release;
		};
		4C22D7932B8EF2E8008C1D7D /* Debug */ = {
			isa = XCBuildConfiguration;
			buildSettings = {
				ASSETCATALOG_COMPILER_APPICON_NAME = AppIcon;
				ASSETCATALOG_COMPILER_GLOBAL_ACCENT_COLOR_NAME = AccentColor;
				CODE_SIGN_STYLE = Automatic;
				CURRENT_PROJECT_VERSION = 1;
				DEVELOPMENT_ASSET_PATHS = "\"slapjack/Preview Content\"";
				ENABLE_PREVIEWS = YES;
				GENERATE_INFOPLIST_FILE = YES;
				INFOPLIST_KEY_UIApplicationSceneManifest_Generation = YES;
				INFOPLIST_KEY_UIApplicationSupportsIndirectInputEvents = YES;
				INFOPLIST_KEY_UILaunchScreen_Generation = YES;
				INFOPLIST_KEY_UISupportedInterfaceOrientations_iPad = "UIInterfaceOrientationPortrait UIInterfaceOrientationPortraitUpsideDown UIInterfaceOrientationLandscapeLeft UIInterfaceOrientationLandscapeRight";
				INFOPLIST_KEY_UISupportedInterfaceOrientations_iPhone = "UIInterfaceOrientationPortrait UIInterfaceOrientationLandscapeLeft UIInterfaceOrientationLandscapeRight";
				LD_RUNPATH_SEARCH_PATHS = (
					"$(inherited)",
					"@executable_path/Frameworks",
				);
				MARKETING_VERSION = 1.0;
				PRODUCT_BUNDLE_IDENTIFIER = lambda.slapjack;
				PRODUCT_NAME = "$(TARGET_NAME)";
				SWIFT_EMIT_LOC_STRINGS = YES;
				SWIFT_VERSION = 5.0;
				TARGETED_DEVICE_FAMILY = "1,2";
			};
			name = Debug;
		};
		4C22D7942B8EF2E8008C1D7D /* Release */ = {
			isa = XCBuildConfiguration;
			buildSettings = {
				ASSETCATALOG_COMPILER_APPICON_NAME = AppIcon;
				ASSETCATALOG_COMPILER_GLOBAL_ACCENT_COLOR_NAME = AccentColor;
				CODE_SIGN_STYLE = Automatic;
				CURRENT_PROJECT_VERSION = 1;
				DEVELOPMENT_ASSET_PATHS = "\"slapjack/Preview Content\"";
				ENABLE_PREVIEWS = YES;
				GENERATE_INFOPLIST_FILE = YES;
				INFOPLIST_KEY_UIApplicationSceneManifest_Generation = YES;
				INFOPLIST_KEY_UIApplicationSupportsIndirectInputEvents = YES;
				INFOPLIST_KEY_UILaunchScreen_Generation = YES;
				INFOPLIST_KEY_UISupportedInterfaceOrientations_iPad = "UIInterfaceOrientationPortrait UIInterfaceOrientationPortraitUpsideDown UIInterfaceOrientationLandscapeLeft UIInterfaceOrientationLandscapeRight";
				INFOPLIST_KEY_UISupportedInterfaceOrientations_iPhone = "UIInterfaceOrientationPortrait UIInterfaceOrientationLandscapeLeft UIInterfaceOrientationLandscapeRight";
				LD_RUNPATH_SEARCH_PATHS = (
					"$(inherited)",
					"@executable_path/Frameworks",
				);
				MARKETING_VERSION = 1.0;
				PRODUCT_BUNDLE_IDENTIFIER = lambda.slapjack;
				PRODUCT_NAME = "$(TARGET_NAME)";
				SWIFT_EMIT_LOC_STRINGS = YES;
				SWIFT_VERSION = 5.0;
				TARGETED_DEVICE_FAMILY = "1,2";
			};
			name = Release;
		};
		4C22D7962B8EF2E8008C1D7D /* Debug */ = {
			isa = XCBuildConfiguration;
			buildSettings = {
				ALWAYS_EMBED_SWIFT_STANDARD_LIBRARIES = YES;
				BUNDLE_LOADER = "$(TEST_HOST)";
				CODE_SIGN_STYLE = Automatic;
				CURRENT_PROJECT_VERSION = 1;
				GENERATE_INFOPLIST_FILE = YES;
				IPHONEOS_DEPLOYMENT_TARGET = 17.2;
				MARKETING_VERSION = 1.0;
				PRODUCT_BUNDLE_IDENTIFIER = lambda.slapjackTests;
				PRODUCT_NAME = "$(TARGET_NAME)";
				SWIFT_EMIT_LOC_STRINGS = NO;
				SWIFT_VERSION = 5.0;
				TARGETED_DEVICE_FAMILY = "1,2";
				TEST_HOST = "$(BUILT_PRODUCTS_DIR)/slapjack.app/$(BUNDLE_EXECUTABLE_FOLDER_PATH)/slapjack";
			};
			name = Debug;
		};
		4C22D7972B8EF2E8008C1D7D /* Release */ = {
			isa = XCBuildConfiguration;
			buildSettings = {
				ALWAYS_EMBED_SWIFT_STANDARD_LIBRARIES = YES;
				BUNDLE_LOADER = "$(TEST_HOST)";
				CODE_SIGN_STYLE = Automatic;
				CURRENT_PROJECT_VERSION = 1;
				GENERATE_INFOPLIST_FILE = YES;
				IPHONEOS_DEPLOYMENT_TARGET = 17.2;
				MARKETING_VERSION = 1.0;
				PRODUCT_BUNDLE_IDENTIFIER = lambda.slapjackTests;
				PRODUCT_NAME = "$(TARGET_NAME)";
				SWIFT_EMIT_LOC_STRINGS = NO;
				SWIFT_VERSION = 5.0;
				TARGETED_DEVICE_FAMILY = "1,2";
				TEST_HOST = "$(BUILT_PRODUCTS_DIR)/slapjack.app/$(BUNDLE_EXECUTABLE_FOLDER_PATH)/slapjack";
			};
			name = Release;
		};
		4C22D7992B8EF2E8008C1D7D /* Debug */ = {
			isa = XCBuildConfiguration;
			buildSettings = {
				ALWAYS_EMBED_SWIFT_STANDARD_LIBRARIES = YES;
				CODE_SIGN_STYLE = Automatic;
				CURRENT_PROJECT_VERSION = 1;
				GENERATE_INFOPLIST_FILE = YES;
				MARKETING_VERSION = 1.0;
				PRODUCT_BUNDLE_IDENTIFIER = lambda.slapjackUITests;
				PRODUCT_NAME = "$(TARGET_NAME)";
				SWIFT_EMIT_LOC_STRINGS = NO;
				SWIFT_VERSION = 5.0;
				TARGETED_DEVICE_FAMILY = "1,2";
				TEST_TARGET_NAME = slapjack;
			};
			name = Debug;
		};
		4C22D79A2B8EF2E8008C1D7D /* Release */ = {
			isa = XCBuildConfiguration;
			buildSettings = {
				ALWAYS_EMBED_SWIFT_STANDARD_LIBRARIES = YES;
				CODE_SIGN_STYLE = Automatic;
				CURRENT_PROJECT_VERSION = 1;
				GENERATE_INFOPLIST_FILE = YES;
				MARKETING_VERSION = 1.0;
				PRODUCT_BUNDLE_IDENTIFIER = lambda.slapjackUITests;
				PRODUCT_NAME = "$(TARGET_NAME)";
				SWIFT_EMIT_LOC_STRINGS = NO;
				SWIFT_VERSION = 5.0;
				TARGETED_DEVICE_FAMILY = "1,2";
				TEST_TARGET_NAME = slapjack;
			};
			name = Release;
		};
/* End XCBuildConfiguration section */

/* Begin XCConfigurationList section */
		4C22D7692B8EF2E6008C1D7D /* Build configuration list for PBXProject "slapjack" */ = {
			isa = XCConfigurationList;
			buildConfigurations = (
				4C22D7902B8EF2E8008C1D7D /* Debug */,
				4C22D7912B8EF2E8008C1D7D /* Release */,
			);
			defaultConfigurationIsVisible = 0;
			defaultConfigurationName = Release;
		};
		4C22D7922B8EF2E8008C1D7D /* Build configuration list for PBXNativeTarget "slapjack" */ = {
			isa = XCConfigurationList;
			buildConfigurations = (
				4C22D7932B8EF2E8008C1D7D /* Debug */,
				4C22D7942B8EF2E8008C1D7D /* Release */,
			);
			defaultConfigurationIsVisible = 0;
			defaultConfigurationName = Release;
		};
		4C22D7952B8EF2E8008C1D7D /* Build configuration list for PBXNativeTarget "slapjackTests" */ = {
			isa = XCConfigurationList;
			buildConfigurations = (
				4C22D7962B8EF2E8008C1D7D /* Debug */,
				4C22D7972B8EF2E8008C1D7D /* Release */,
			);
			defaultConfigurationIsVisible = 0;
			defaultConfigurationName = Release;
		};
		4C22D7982B8EF2E8008C1D7D /* Build configuration list for PBXNativeTarget "slapjackUITests" */ = {
			isa = XCConfigurationList;
			buildConfigurations = (
				4C22D7992B8EF2E8008C1D7D /* Debug */,
				4C22D79A2B8EF2E8008C1D7D /* Release */,
			);
			defaultConfigurationIsVisible = 0;
			defaultConfigurationName = Release;
		};
/* End XCConfigurationList section */
	};
	rootObject = 4C22D7662B8EF2E6008C1D7D /* Project object */;
}
